// !$*UTF8*$!
{
	archiveVersion = 1;
	classes = {
	};
	objectVersion = 55;
	objects = {

/* Begin PBXBuildFile section */
		7B0315F427247A7B00D775ED /* NetworkSetup.swift in Sources */ = {isa = PBXBuildFile; fileRef = 7B0315F327247A7B00D775ED /* NetworkSetup.swift */; };
		7B0A252E270A634200A51D79 /* WiFiData.swift in Sources */ = {isa = PBXBuildFile; fileRef = 7B0A252D270A634200A51D79 /* WiFiData.swift */; };
		7B0A2530270A660200A51D79 /* WiFiDataManager.swift in Sources */ = {isa = PBXBuildFile; fileRef = 7B0A252F270A660200A51D79 /* WiFiDataManager.swift */; };
		7B0A2532270A6E8B00A51D79 /* WiFiDataRow.swift in Sources */ = {isa = PBXBuildFile; fileRef = 7B0A2531270A6E8B00A51D79 /* WiFiDataRow.swift */; };
		7B0B6A86272CA6B1006053B8 /* NetworkExtension.framework in Frameworks */ = {isa = PBXBuildFile; fileRef = 7B0B6A85272CA6B1006053B8 /* NetworkExtension.framework */; };
		7B0B6A88272CA8C3006053B8 /* KeychainAccess.swift in Sources */ = {isa = PBXBuildFile; fileRef = 7B0B6A87272CA8C3006053B8 /* KeychainAccess.swift */; };
		7B0B6A8B272F4823006053B8 /* sample2.json in Resources */ = {isa = PBXBuildFile; fileRef = 7B0B6A8A272F4823006053B8 /* sample2.json */; };
		7B2086BD270A8C0E007A6500 /* sample.json in Resources */ = {isa = PBXBuildFile; fileRef = 7B2086BC270A8C0E007A6500 /* sample.json */; };
		7B2086BF270A9154007A6500 /* WiFiDataList.swift in Sources */ = {isa = PBXBuildFile; fileRef = 7B2086BE270A9154007A6500 /* WiFiDataList.swift */; };
		7B2086C1270A991A007A6500 /* WiFiDataDetail.swift in Sources */ = {isa = PBXBuildFile; fileRef = 7B2086C0270A991A007A6500 /* WiFiDataDetail.swift */; };
		7B3DEFDB26EBF0DC007BE881 /* WiFiCheckApp.swift in Sources */ = {isa = PBXBuildFile; fileRef = 7B3DEFDA26EBF0DC007BE881 /* WiFiCheckApp.swift */; };
		7B3DEFDD26EBF0DC007BE881 /* WiFiListView.swift in Sources */ = {isa = PBXBuildFile; fileRef = 7B3DEFDC26EBF0DC007BE881 /* WiFiListView.swift */; };
		7B3DEFDF26EBF0DE007BE881 /* Assets.xcassets in Resources */ = {isa = PBXBuildFile; fileRef = 7B3DEFDE26EBF0DE007BE881 /* Assets.xcassets */; };
		7B3DEFE226EBF0DE007BE881 /* Preview Assets.xcassets in Resources */ = {isa = PBXBuildFile; fileRef = 7B3DEFE126EBF0DE007BE881 /* Preview Assets.xcassets */; };
		7B5A4388272362CE00E4D73F /* WiFiDateBox.swift in Sources */ = {isa = PBXBuildFile; fileRef = 7B5A4387272362CE00E4D73F /* WiFiDateBox.swift */; };
		7B6363392725077F0054A094 /* ContentView.swift in Sources */ = {isa = PBXBuildFile; fileRef = 7B6363382725077F0054A094 /* ContentView.swift */; };
		7B63633B27250D220054A094 /* TimeView.swift in Sources */ = {isa = PBXBuildFile; fileRef = 7B63633A27250D220054A094 /* TimeView.swift */; };
		7B6FE0E72719408C00CF5CEB /* Utils.swift in Sources */ = {isa = PBXBuildFile; fileRef = 7B6FE0E62719408C00CF5CEB /* Utils.swift */; };
		7BCF2FA72737335E00ABC4D1 /* CheckboxView.swift in Sources */ = {isa = PBXBuildFile; fileRef = 7BCF2FA62737335E00ABC4D1 /* CheckboxView.swift */; };
/* End PBXBuildFile section */

/* Begin PBXFileReference section */
		7B0315F327247A7B00D775ED /* NetworkSetup.swift */ = {isa = PBXFileReference; lastKnownFileType = sourcecode.swift; path = NetworkSetup.swift; sourceTree = "<group>"; };
		7B0A252D270A634200A51D79 /* WiFiData.swift */ = {isa = PBXFileReference; lastKnownFileType = sourcecode.swift; path = WiFiData.swift; sourceTree = "<group>"; };
		7B0A252F270A660200A51D79 /* WiFiDataManager.swift */ = {isa = PBXFileReference; lastKnownFileType = sourcecode.swift; path = WiFiDataManager.swift; sourceTree = "<group>"; };
		7B0A2531270A6E8B00A51D79 /* WiFiDataRow.swift */ = {isa = PBXFileReference; lastKnownFileType = sourcecode.swift; path = WiFiDataRow.swift; sourceTree = "<group>"; };
		7B0A2539270A7F3D00A51D79 /* README.md */ = {isa = PBXFileReference; lastKnownFileType = net.daringfireball.markdown; path = README.md; sourceTree = "<group>"; };
		7B0B6A85272CA6B1006053B8 /* NetworkExtension.framework */ = {isa = PBXFileReference; lastKnownFileType = wrapper.framework; name = NetworkExtension.framework; path = System/Library/Frameworks/NetworkExtension.framework; sourceTree = SDKROOT; };
		7B0B6A87272CA8C3006053B8 /* KeychainAccess.swift */ = {isa = PBXFileReference; lastKnownFileType = sourcecode.swift; path = KeychainAccess.swift; sourceTree = "<group>"; };
		7B0B6A8A272F4823006053B8 /* sample2.json */ = {isa = PBXFileReference; lastKnownFileType = text.json; path = sample2.json; sourceTree = "<group>"; };
		7B2086BC270A8C0E007A6500 /* sample.json */ = {isa = PBXFileReference; lastKnownFileType = text.json; path = sample.json; sourceTree = "<group>"; };
		7B2086BE270A9154007A6500 /* WiFiDataList.swift */ = {isa = PBXFileReference; lastKnownFileType = sourcecode.swift; path = WiFiDataList.swift; sourceTree = "<group>"; };
		7B2086C0270A991A007A6500 /* WiFiDataDetail.swift */ = {isa = PBXFileReference; lastKnownFileType = sourcecode.swift; path = WiFiDataDetail.swift; sourceTree = "<group>"; };
		7B3DEFD726EBF0DC007BE881 /* WiFiCheck.app */ = {isa = PBXFileReference; explicitFileType = wrapper.application; includeInIndex = 0; path = WiFiCheck.app; sourceTree = BUILT_PRODUCTS_DIR; };
		7B3DEFDA26EBF0DC007BE881 /* WiFiCheckApp.swift */ = {isa = PBXFileReference; lastKnownFileType = sourcecode.swift; path = WiFiCheckApp.swift; sourceTree = "<group>"; };
		7B3DEFDC26EBF0DC007BE881 /* WiFiListView.swift */ = {isa = PBXFileReference; lastKnownFileType = sourcecode.swift; path = WiFiListView.swift; sourceTree = "<group>"; };
		7B3DEFDE26EBF0DE007BE881 /* Assets.xcassets */ = {isa = PBXFileReference; lastKnownFileType = folder.assetcatalog; path = Assets.xcassets; sourceTree = "<group>"; };
		7B3DEFE126EBF0DE007BE881 /* Preview Assets.xcassets */ = {isa = PBXFileReference; lastKnownFileType = folder.assetcatalog; path = "Preview Assets.xcassets"; sourceTree = "<group>"; };
		7B3DEFE326EBF0DE007BE881 /* Info.plist */ = {isa = PBXFileReference; lastKnownFileType = text.plist.xml; path = Info.plist; sourceTree = "<group>"; };
		7B3DEFE426EBF0DE007BE881 /* WiFiCheck.entitlements */ = {isa = PBXFileReference; lastKnownFileType = text.plist.entitlements; path = WiFiCheck.entitlements; sourceTree = "<group>"; };
		7B5A4387272362CE00E4D73F /* WiFiDateBox.swift */ = {isa = PBXFileReference; lastKnownFileType = sourcecode.swift; path = WiFiDateBox.swift; sourceTree = "<group>"; };
		7B6363382725077F0054A094 /* ContentView.swift */ = {isa = PBXFileReference; lastKnownFileType = sourcecode.swift; path = ContentView.swift; sourceTree = "<group>"; };
		7B63633A27250D220054A094 /* TimeView.swift */ = {isa = PBXFileReference; lastKnownFileType = sourcecode.swift; path = TimeView.swift; sourceTree = "<group>"; };
		7B6FE0E62719408C00CF5CEB /* Utils.swift */ = {isa = PBXFileReference; lastKnownFileType = sourcecode.swift; path = Utils.swift; sourceTree = "<group>"; };
		7BCF2FA62737335E00ABC4D1 /* CheckboxView.swift */ = {isa = PBXFileReference; lastKnownFileType = sourcecode.swift; path = CheckboxView.swift; sourceTree = "<group>"; };
/* End PBXFileReference section */

/* Begin PBXFrameworksBuildPhase section */
		7B3DEFD426EBF0DC007BE881 /* Frameworks */ = {
			isa = PBXFrameworksBuildPhase;
			buildActionMask = 2147483647;
			files = (
				7B0B6A86272CA6B1006053B8 /* NetworkExtension.framework in Frameworks */,
			);
			runOnlyForDeploymentPostprocessing = 0;
		};
/* End PBXFrameworksBuildPhase section */

/* Begin PBXGroup section */
		7B0A2538270A7F1B00A51D79 /* Info */ = {
			isa = PBXGroup;
			children = (
				7B0A2539270A7F3D00A51D79 /* README.md */,
			);
			name = Info;
			sourceTree = "<group>";
		};
		7B0B6A84272CA6B1006053B8 /* Frameworks */ = {
			isa = PBXGroup;
			children = (
				7B0B6A85272CA6B1006053B8 /* NetworkExtension.framework */,
			);
			name = Frameworks;
			sourceTree = "<group>";
		};
		7B2086B9270A8BC4007A6500 /* SampleData */ = {
			isa = PBXGroup;
			children = (
				7B2086BC270A8C0E007A6500 /* sample.json */,
				7B0B6A8A272F4823006053B8 /* sample2.json */,
			);
			path = SampleData;
			sourceTree = "<group>";
		};
		7B3DEFCE26EBF0DC007BE881 = {
			isa = PBXGroup;
			children = (
				7B2086B9270A8BC4007A6500 /* SampleData */,
				7B0A2538270A7F1B00A51D79 /* Info */,
				7B3DEFD926EBF0DC007BE881 /* WiFiCheck */,
				7B3DEFD826EBF0DC007BE881 /* Products */,
				7B0B6A84272CA6B1006053B8 /* Frameworks */,
			);
			sourceTree = "<group>";
		};
		7B3DEFD826EBF0DC007BE881 /* Products */ = {
			isa = PBXGroup;
			children = (
				7B3DEFD726EBF0DC007BE881 /* WiFiCheck.app */,
			);
			name = Products;
			sourceTree = "<group>";
		};
		7B3DEFD926EBF0DC007BE881 /* WiFiCheck */ = {
			isa = PBXGroup;
			children = (
				7B3DEFDA26EBF0DC007BE881 /* WiFiCheckApp.swift */,
				7BCF2FA62737335E00ABC4D1 /* CheckboxView.swift */,
				7B6363382725077F0054A094 /* ContentView.swift */,
				7B0B6A87272CA8C3006053B8 /* KeychainAccess.swift */,
				7B63633A27250D220054A094 /* TimeView.swift */,
				7B3DEFDC26EBF0DC007BE881 /* WiFiListView.swift */,
				7B6FE0E62719408C00CF5CEB /* Utils.swift */,
				7B0315F327247A7B00D775ED /* NetworkSetup.swift */,
				7B0A252D270A634200A51D79 /* WiFiData.swift */,
				7B0A2531270A6E8B00A51D79 /* WiFiDataRow.swift */,
				7B2086BE270A9154007A6500 /* WiFiDataList.swift */,
				7B5A4387272362CE00E4D73F /* WiFiDateBox.swift */,
				7B2086C0270A991A007A6500 /* WiFiDataDetail.swift */,
				7B0A252F270A660200A51D79 /* WiFiDataManager.swift */,
				7B3DEFDE26EBF0DE007BE881 /* Assets.xcassets */,
				7B3DEFE326EBF0DE007BE881 /* Info.plist */,
				7B3DEFE426EBF0DE007BE881 /* WiFiCheck.entitlements */,
				7B3DEFE026EBF0DE007BE881 /* Preview Content */,
			);
			path = WiFiCheck;
			sourceTree = "<group>";
		};
		7B3DEFE026EBF0DE007BE881 /* Preview Content */ = {
			isa = PBXGroup;
			children = (
				7B3DEFE126EBF0DE007BE881 /* Preview Assets.xcassets */,
			);
			path = "Preview Content";
			sourceTree = "<group>";
		};
/* End PBXGroup section */

/* Begin PBXNativeTarget section */
		7B3DEFD626EBF0DC007BE881 /* WiFiCheck */ = {
			isa = PBXNativeTarget;
			buildConfigurationList = 7B3DEFE726EBF0DE007BE881 /* Build configuration list for PBXNativeTarget "WiFiCheck" */;
			buildPhases = (
				7B3DEFD326EBF0DC007BE881 /* Sources */,
				7B3DEFD426EBF0DC007BE881 /* Frameworks */,
				7B3DEFD526EBF0DC007BE881 /* Resources */,
				7B0B6A89272E3A0E006053B8 /* Increment Build Number */,
			);
			buildRules = (
			);
			dependencies = (
			);
			name = WiFiCheck;
			productName = WiFiCheck;
			productReference = 7B3DEFD726EBF0DC007BE881 /* WiFiCheck.app */;
			productType = "com.apple.product-type.application";
		};
/* End PBXNativeTarget section */

/* Begin PBXProject section */
		7B3DEFCF26EBF0DC007BE881 /* Project object */ = {
			isa = PBXProject;
			attributes = {
				LastSwiftUpdateCheck = 1250;
				LastUpgradeCheck = 1300;
				TargetAttributes = {
					7B3DEFD626EBF0DC007BE881 = {
						CreatedOnToolsVersion = 12.5.1;
					};
				};
			};
			buildConfigurationList = 7B3DEFD226EBF0DC007BE881 /* Build configuration list for PBXProject "WiFiCheck" */;
			compatibilityVersion = "Xcode 13.0";
			developmentRegion = en;
			hasScannedForEncodings = 0;
			knownRegions = (
				en,
				Base,
			);
			mainGroup = 7B3DEFCE26EBF0DC007BE881;
			productRefGroup = 7B3DEFD826EBF0DC007BE881 /* Products */;
			projectDirPath = "";
			projectRoot = "";
			targets = (
				7B3DEFD626EBF0DC007BE881 /* WiFiCheck */,
			);
		};
/* End PBXProject section */

/* Begin PBXResourcesBuildPhase section */
		7B3DEFD526EBF0DC007BE881 /* Resources */ = {
			isa = PBXResourcesBuildPhase;
			buildActionMask = 2147483647;
			files = (
				7B0B6A8B272F4823006053B8 /* sample2.json in Resources */,
				7B3DEFE226EBF0DE007BE881 /* Preview Assets.xcassets in Resources */,
				7B3DEFDF26EBF0DE007BE881 /* Assets.xcassets in Resources */,
				7B2086BD270A8C0E007A6500 /* sample.json in Resources */,
			);
			runOnlyForDeploymentPostprocessing = 0;
		};
/* End PBXResourcesBuildPhase section */

/* Begin PBXShellScriptBuildPhase section */
		7B0B6A89272E3A0E006053B8 /* Increment Build Number */ = {
			isa = PBXShellScriptBuildPhase;
			buildActionMask = 2147483647;
			files = (
			);
			inputFileListPaths = (
			);
			inputPaths = (
			);
			name = "Increment Build Number";
			outputFileListPaths = (
			);
			outputPaths = (
			);
			runOnlyForDeploymentPostprocessing = 0;
			shellPath = /bin/sh;
			shellScript = "# Type a script or drag a script file from your workspace to insert its path.\nbuildNumber=$(/usr/libexec/PlistBuddy -c \"Print CFBundleVersion\" \"${PROJECT_DIR}/${INFOPLIST_FILE}\")\nbuildNumber=$(($buildNumber + 1))\n/usr/libexec/PlistBuddy -c \"Set :CFBundleVersion $buildNumber\" \"${PROJECT_DIR}/${INFOPLIST_FILE}\"\n";
		};
/* End PBXShellScriptBuildPhase section */

/* Begin PBXSourcesBuildPhase section */
		7B3DEFD326EBF0DC007BE881 /* Sources */ = {
			isa = PBXSourcesBuildPhase;
			buildActionMask = 2147483647;
			files = (
				7B0A2532270A6E8B00A51D79 /* WiFiDataRow.swift in Sources */,
				7B6363392725077F0054A094 /* ContentView.swift in Sources */,
				7B0A2530270A660200A51D79 /* WiFiDataManager.swift in Sources */,
				7BCF2FA72737335E00ABC4D1 /* CheckboxView.swift in Sources */,
				7B0A252E270A634200A51D79 /* WiFiData.swift in Sources */,
				7B3DEFDD26EBF0DC007BE881 /* WiFiListView.swift in Sources */,
				7B2086BF270A9154007A6500 /* WiFiDataList.swift in Sources */,
				7B5A4388272362CE00E4D73F /* WiFiDateBox.swift in Sources */,
				7B0315F427247A7B00D775ED /* NetworkSetup.swift in Sources */,
				7B3DEFDB26EBF0DC007BE881 /* WiFiCheckApp.swift in Sources */,
				7B2086C1270A991A007A6500 /* WiFiDataDetail.swift in Sources */,
				7B6FE0E72719408C00CF5CEB /* Utils.swift in Sources */,
				7B63633B27250D220054A094 /* TimeView.swift in Sources */,
				7B0B6A88272CA8C3006053B8 /* KeychainAccess.swift in Sources */,
			);
			runOnlyForDeploymentPostprocessing = 0;
		};
/* End PBXSourcesBuildPhase section */

/* Begin XCBuildConfiguration section */
		7B3DEFE526EBF0DE007BE881 /* Debug */ = {
			isa = XCBuildConfiguration;
			buildSettings = {
				ALWAYS_SEARCH_USER_PATHS = NO;
				CLANG_ANALYZER_NONNULL = YES;
				CLANG_ANALYZER_NUMBER_OBJECT_CONVERSION = YES_AGGRESSIVE;
				CLANG_CXX_LANGUAGE_STANDARD = "gnu++14";
				CLANG_CXX_LIBRARY = "libc++";
				CLANG_ENABLE_MODULES = YES;
				CLANG_ENABLE_OBJC_ARC = YES;
				CLANG_ENABLE_OBJC_WEAK = YES;
				CLANG_WARN_BLOCK_CAPTURE_AUTORELEASING = YES;
				CLANG_WARN_BOOL_CONVERSION = YES;
				CLANG_WARN_COMMA = YES;
				CLANG_WARN_CONSTANT_CONVERSION = YES;
				CLANG_WARN_DEPRECATED_OBJC_IMPLEMENTATIONS = YES;
				CLANG_WARN_DIRECT_OBJC_ISA_USAGE = YES_ERROR;
				CLANG_WARN_DOCUMENTATION_COMMENTS = YES;
				CLANG_WARN_EMPTY_BODY = YES;
				CLANG_WARN_ENUM_CONVERSION = YES;
				CLANG_WARN_INFINITE_RECURSION = YES;
				CLANG_WARN_INT_CONVERSION = YES;
				CLANG_WARN_NON_LITERAL_NULL_CONVERSION = YES;
				CLANG_WARN_OBJC_IMPLICIT_RETAIN_SELF = YES;
				CLANG_WARN_OBJC_LITERAL_CONVERSION = YES;
				CLANG_WARN_OBJC_ROOT_CLASS = YES_ERROR;
				CLANG_WARN_QUOTED_INCLUDE_IN_FRAMEWORK_HEADER = YES;
				CLANG_WARN_RANGE_LOOP_ANALYSIS = YES;
				CLANG_WARN_STRICT_PROTOTYPES = YES;
				CLANG_WARN_SUSPICIOUS_MOVE = YES;
				CLANG_WARN_UNGUARDED_AVAILABILITY = YES_AGGRESSIVE;
				CLANG_WARN_UNREACHABLE_CODE = YES;
				CLANG_WARN__DUPLICATE_METHOD_MATCH = YES;
				COPY_PHASE_STRIP = NO;
				DEBUG_INFORMATION_FORMAT = dwarf;
				ENABLE_STRICT_OBJC_MSGSEND = YES;
				ENABLE_TESTABILITY = YES;
				GCC_C_LANGUAGE_STANDARD = gnu11;
				GCC_DYNAMIC_NO_PIC = NO;
				GCC_NO_COMMON_BLOCKS = YES;
				GCC_OPTIMIZATION_LEVEL = 0;
				GCC_PREPROCESSOR_DEFINITIONS = (
					"DEBUG=1",
					"$(inherited)",
				);
				GCC_WARN_64_TO_32_BIT_CONVERSION = YES;
				GCC_WARN_ABOUT_RETURN_TYPE = YES_ERROR;
				GCC_WARN_UNDECLARED_SELECTOR = YES;
				GCC_WARN_UNINITIALIZED_AUTOS = YES_AGGRESSIVE;
				GCC_WARN_UNUSED_FUNCTION = YES;
				GCC_WARN_UNUSED_VARIABLE = YES;
				MACOSX_DEPLOYMENT_TARGET = 11.3;
				MTL_ENABLE_DEBUG_INFO = INCLUDE_SOURCE;
				MTL_FAST_MATH = YES;
				ONLY_ACTIVE_ARCH = YES;
				SDKROOT = macosx;
				SWIFT_ACTIVE_COMPILATION_CONDITIONS = DEBUG;
				SWIFT_OPTIMIZATION_LEVEL = "-Onone";
			};
			name = Debug;
		};
		7B3DEFE626EBF0DE007BE881 /* Release */ = {
			isa = XCBuildConfiguration;
			buildSettings = {
				ALWAYS_SEARCH_USER_PATHS = NO;
				CLANG_ANALYZER_NONNULL = YES;
				CLANG_ANALYZER_NUMBER_OBJECT_CONVERSION = YES_AGGRESSIVE;
				CLANG_CXX_LANGUAGE_STANDARD = "gnu++14";
				CLANG_CXX_LIBRARY = "libc++";
				CLANG_ENABLE_MODULES = YES;
				CLANG_ENABLE_OBJC_ARC = YES;
				CLANG_ENABLE_OBJC_WEAK = YES;
				CLANG_WARN_BLOCK_CAPTURE_AUTORELEASING = YES;
				CLANG_WARN_BOOL_CONVERSION = YES;
				CLANG_WARN_COMMA = YES;
				CLANG_WARN_CONSTANT_CONVERSION = YES;
				CLANG_WARN_DEPRECATED_OBJC_IMPLEMENTATIONS = YES;
				CLANG_WARN_DIRECT_OBJC_ISA_USAGE = YES_ERROR;
				CLANG_WARN_DOCUMENTATION_COMMENTS = YES;
				CLANG_WARN_EMPTY_BODY = YES;
				CLANG_WARN_ENUM_CONVERSION = YES;
				CLANG_WARN_INFINITE_RECURSION = YES;
				CLANG_WARN_INT_CONVERSION = YES;
				CLANG_WARN_NON_LITERAL_NULL_CONVERSION = YES;
				CLANG_WARN_OBJC_IMPLICIT_RETAIN_SELF = YES;
				CLANG_WARN_OBJC_LITERAL_CONVERSION = YES;
				CLANG_WARN_OBJC_ROOT_CLASS = YES_ERROR;
				CLANG_WARN_QUOTED_INCLUDE_IN_FRAMEWORK_HEADER = YES;
				CLANG_WARN_RANGE_LOOP_ANALYSIS = YES;
				CLANG_WARN_STRICT_PROTOTYPES = YES;
				CLANG_WARN_SUSPICIOUS_MOVE = YES;
				CLANG_WARN_UNGUARDED_AVAILABILITY = YES_AGGRESSIVE;
				CLANG_WARN_UNREACHABLE_CODE = YES;
				CLANG_WARN__DUPLICATE_METHOD_MATCH = YES;
				COPY_PHASE_STRIP = NO;
				DEBUG_INFORMATION_FORMAT = "dwarf-with-dsym";
				ENABLE_NS_ASSERTIONS = NO;
				ENABLE_STRICT_OBJC_MSGSEND = YES;
				GCC_C_LANGUAGE_STANDARD = gnu11;
				GCC_NO_COMMON_BLOCKS = YES;
				GCC_WARN_64_TO_32_BIT_CONVERSION = YES;
				GCC_WARN_ABOUT_RETURN_TYPE = YES_ERROR;
				GCC_WARN_UNDECLARED_SELECTOR = YES;
				GCC_WARN_UNINITIALIZED_AUTOS = YES_AGGRESSIVE;
				GCC_WARN_UNUSED_FUNCTION = YES;
				GCC_WARN_UNUSED_VARIABLE = YES;
				MACOSX_DEPLOYMENT_TARGET = 11.3;
				MTL_ENABLE_DEBUG_INFO = NO;
				MTL_FAST_MATH = YES;
				SDKROOT = macosx;
				SWIFT_COMPILATION_MODE = wholemodule;
				SWIFT_OPTIMIZATION_LEVEL = "-O";
			};
			name = Release;
		};
		7B3DEFE826EBF0DE007BE881 /* Debug */ = {
			isa = XCBuildConfiguration;
			buildSettings = {
				ASSETCATALOG_COMPILER_APPICON_NAME = AppIcon;
				ASSETCATALOG_COMPILER_GLOBAL_ACCENT_COLOR_NAME = AccentColor;
				CODE_SIGN_ENTITLEMENTS = WiFiCheck/WiFiCheck.entitlements;
				CODE_SIGN_IDENTITY = "Apple Development";
				CODE_SIGN_STYLE = Automatic;
				COMBINE_HIDPI_IMAGES = YES;
				DEVELOPMENT_ASSET_PATHS = "\"WiFiCheck/Preview Content\"";
				DEVELOPMENT_TEAM = 6D39SX3E6V;
				ENABLE_HARDENED_RUNTIME = YES;
				ENABLE_PREVIEWS = YES;
				INFOPLIST_FILE = WiFiCheck/Info.plist;
				IPHONEOS_DEPLOYMENT_TARGET = 15.0;
				LD_RUNPATH_SEARCH_PATHS = (
					"$(inherited)",
					"@executable_path/../Frameworks",
				);
				MACOSX_DEPLOYMENT_TARGET = 11.0;
				PRODUCT_BUNDLE_IDENTIFIER = com.ciretose.macos.tool.WiFiCheck;
				PRODUCT_NAME = "$(TARGET_NAME)";
				SWIFT_VERSION = 5.0;
			};
			name = Debug;
		};
		7B3DEFE926EBF0DE007BE881 /* Release */ = {
			isa = XCBuildConfiguration;
			buildSettings = {
				ASSETCATALOG_COMPILER_APPICON_NAME = AppIcon;
				ASSETCATALOG_COMPILER_GLOBAL_ACCENT_COLOR_NAME = AccentColor;
				CODE_SIGN_ENTITLEMENTS = WiFiCheck/WiFiCheck.entitlements;
				CODE_SIGN_IDENTITY = "Apple Development";
				CODE_SIGN_STYLE = Automatic;
				COMBINE_HIDPI_IMAGES = YES;
				DEVELOPMENT_ASSET_PATHS = "\"WiFiCheck/Preview Content\"";
				DEVELOPMENT_TEAM = 6D39SX3E6V;
				ENABLE_HARDENED_RUNTIME = YES;
				ENABLE_PREVIEWS = YES;
				INFOPLIST_FILE = WiFiCheck/Info.plist;
				IPHONEOS_DEPLOYMENT_TARGET = 15.0;
				LD_RUNPATH_SEARCH_PATHS = (
					"$(inherited)",
					"@executable_path/../Frameworks",
				);
				MACOSX_DEPLOYMENT_TARGET = 11.0;
				PRODUCT_BUNDLE_IDENTIFIER = com.ciretose.macos.tool.WiFiCheck;
				PRODUCT_NAME = "$(TARGET_NAME)";
				SWIFT_VERSION = 5.0;
			};
			name = Release;
		};
/* End XCBuildConfiguration section */

/* Begin XCConfigurationList section */
		7B3DEFD226EBF0DC007BE881 /* Build configuration list for PBXProject "WiFiCheck" */ = {
			isa = XCConfigurationList;
			buildConfigurations = (
				7B3DEFE526EBF0DE007BE881 /* Debug */,
				7B3DEFE626EBF0DE007BE881 /* Release */,
			);
			defaultConfigurationIsVisible = 0;
			defaultConfigurationName = Release;
		};
		7B3DEFE726EBF0DE007BE881 /* Build configuration list for PBXNativeTarget "WiFiCheck" */ = {
			isa = XCConfigurationList;
			buildConfigurations = (
				7B3DEFE826EBF0DE007BE881 /* Debug */,
				7B3DEFE926EBF0DE007BE881 /* Release */,
			);
			defaultConfigurationIsVisible = 0;
			defaultConfigurationName = Release;
		};
/* End XCConfigurationList section */
	};
	rootObject = 7B3DEFCF26EBF0DC007BE881 /* Project object */;
}
